// !$*UTF8*$!
{
	archiveVersion = 1;
	classes = {
	};
	objectVersion = 55;
	objects = {

/* Begin PBXBuildFile section */
		DE2F3F8B29029A9B00DFD47B /* AppDelegate.swift in Sources */ = {isa = PBXBuildFile; fileRef = DE2F3F8A29029A9B00DFD47B /* AppDelegate.swift */; };
		DE2F3F8D29029A9B00DFD47B /* SceneDelegate.swift in Sources */ = {isa = PBXBuildFile; fileRef = DE2F3F8C29029A9B00DFD47B /* SceneDelegate.swift */; };
		DE2F3F8F29029A9B00DFD47B /* PetsListViewController.swift in Sources */ = {isa = PBXBuildFile; fileRef = DE2F3F8E29029A9B00DFD47B /* PetsListViewController.swift */; };
		DE2F3F9229029A9B00DFD47B /* Main.storyboard in Resources */ = {isa = PBXBuildFile; fileRef = DE2F3F9029029A9B00DFD47B /* Main.storyboard */; };
		DE2F3F9429029A9D00DFD47B /* Assets.xcassets in Resources */ = {isa = PBXBuildFile; fileRef = DE2F3F9329029A9D00DFD47B /* Assets.xcassets */; };
		DE2F3F9729029A9D00DFD47B /* LaunchScreen.storyboard in Resources */ = {isa = PBXBuildFile; fileRef = DE2F3F9529029A9D00DFD47B /* LaunchScreen.storyboard */; };
		DE2F3FA229029A9D00DFD47B /* SepiaPetsTests.swift in Sources */ = {isa = PBXBuildFile; fileRef = DE2F3FA129029A9D00DFD47B /* SepiaPetsTests.swift */; };
		DE2F3FAC29029A9D00DFD47B /* SepiaPetsUITests.swift in Sources */ = {isa = PBXBuildFile; fileRef = DE2F3FAB29029A9D00DFD47B /* SepiaPetsUITests.swift */; };
		DE2F3FAE29029A9D00DFD47B /* SepiaPetsUITestsLaunchTests.swift in Sources */ = {isa = PBXBuildFile; fileRef = DE2F3FAD29029A9D00DFD47B /* SepiaPetsUITestsLaunchTests.swift */; };
		DEF878372907B7D200268E78 /* pets_list.json in Resources */ = {isa = PBXBuildFile; fileRef = DEF878352907B7D200268E78 /* pets_list.json */; };
		DEF878382907B7D200268E78 /* config.json in Resources */ = {isa = PBXBuildFile; fileRef = DEF878362907B7D200268E78 /* config.json */; };
		DEF8783C2907E90B00268E78 /* AppCoordinator.swift in Sources */ = {isa = PBXBuildFile; fileRef = DEF8783B2907E90B00268E78 /* AppCoordinator.swift */; };
		DEF8783E2907E9A600268E78 /* Coordinator.swift in Sources */ = {isa = PBXBuildFile; fileRef = DEF8783D2907E9A600268E78 /* Coordinator.swift */; };
		DEF878422907EBFF00268E78 /* PetsListCoordinator.swift in Sources */ = {isa = PBXBuildFile; fileRef = DEF878412907EBFF00268E78 /* PetsListCoordinator.swift */; };
		DEF878452907EF9B00268E78 /* Storyboarded.swift in Sources */ = {isa = PBXBuildFile; fileRef = DEF878442907EF9B00268E78 /* Storyboarded.swift */; };
		DEF878482907F00E00268E78 /* UIStoryboard+Extension.swift in Sources */ = {isa = PBXBuildFile; fileRef = DEF878472907F00E00268E78 /* UIStoryboard+Extension.swift */; };
		DEF8784A2907F36500268E78 /* PetsListViewModel.swift in Sources */ = {isa = PBXBuildFile; fileRef = DEF878492907F36500268E78 /* PetsListViewModel.swift */; };
		DEF8784D2907F74F00268E78 /* PetsListDataProvider.swift in Sources */ = {isa = PBXBuildFile; fileRef = DEF8784C2907F74F00268E78 /* PetsListDataProvider.swift */; };
		DEF878512907F7DC00268E78 /* LocalJsonPetsListProvider.swift in Sources */ = {isa = PBXBuildFile; fileRef = DEF878502907F7DC00268E78 /* LocalJsonPetsListProvider.swift */; };
		DEF878552907F8BF00268E78 /* PetsDataModels.swift in Sources */ = {isa = PBXBuildFile; fileRef = DEF878542907F8BF00268E78 /* PetsDataModels.swift */; };
		DEF8785C290813A200268E78 /* PetsListTableViewCell.swift in Sources */ = {isa = PBXBuildFile; fileRef = DEF8785A290813A200268E78 /* PetsListTableViewCell.swift */; };
		DEF8785D290813A200268E78 /* PetsListTableViewCell.xib in Resources */ = {isa = PBXBuildFile; fileRef = DEF8785B290813A200268E78 /* PetsListTableViewCell.xib */; };
		DEF8785F29081E1500268E78 /* ImageDownloader.swift in Sources */ = {isa = PBXBuildFile; fileRef = DEF8785E29081E1500268E78 /* ImageDownloader.swift */; };
		DEF878652908225B00268E78 /* PetsDetailsViewController.swift in Sources */ = {isa = PBXBuildFile; fileRef = DEF878642908225B00268E78 /* PetsDetailsViewController.swift */; };
		DEF878672908234600268E78 /* PetDetailsCoordinator.swift in Sources */ = {isa = PBXBuildFile; fileRef = DEF878662908234600268E78 /* PetDetailsCoordinator.swift */; };
		DEF878692908425800268E78 /* PetDetailsViewModel.swift in Sources */ = {isa = PBXBuildFile; fileRef = DEF878682908425800268E78 /* PetDetailsViewModel.swift */; };
		DEF8786B29084E2A00268E78 /* SettingModel.swift in Sources */ = {isa = PBXBuildFile; fileRef = DEF8786A29084E2A00268E78 /* SettingModel.swift */; };
		DEF8786D29084EE700268E78 /* LocalJsonConfigProvider.swift in Sources */ = {isa = PBXBuildFile; fileRef = DEF8786C29084EE700268E78 /* LocalJsonConfigProvider.swift */; };
		DEF8786F2908528200268E78 /* Date+Extension.swift in Sources */ = {isa = PBXBuildFile; fileRef = DEF8786E2908528200268E78 /* Date+Extension.swift */; };
		DEF878712908554800268E78 /* AppContentVisibilityConfigManager.swift in Sources */ = {isa = PBXBuildFile; fileRef = DEF878702908554800268E78 /* AppContentVisibilityConfigManager.swift */; };
		DEF878762908677C00268E78 /* RestrictedErrorViewController.swift in Sources */ = {isa = PBXBuildFile; fileRef = DEF878752908677C00268E78 /* RestrictedErrorViewController.swift */; };
		DEF87878290868D100268E78 /* RestrictedErrorCoordinator.swift in Sources */ = {isa = PBXBuildFile; fileRef = DEF87877290868D100268E78 /* RestrictedErrorCoordinator.swift */; };
/* End PBXBuildFile section */

/* Begin PBXContainerItemProxy section */
		DE2F3F9E29029A9D00DFD47B /* PBXContainerItemProxy */ = {
			isa = PBXContainerItemProxy;
			containerPortal = DE2F3F7F29029A9B00DFD47B /* Project object */;
			proxyType = 1;
			remoteGlobalIDString = DE2F3F8629029A9B00DFD47B;
			remoteInfo = SepiaPets;
		};
		DE2F3FA829029A9D00DFD47B /* PBXContainerItemProxy */ = {
			isa = PBXContainerItemProxy;
			containerPortal = DE2F3F7F29029A9B00DFD47B /* Project object */;
			proxyType = 1;
			remoteGlobalIDString = DE2F3F8629029A9B00DFD47B;
			remoteInfo = SepiaPets;
		};
/* End PBXContainerItemProxy section */

/* Begin PBXFileReference section */
		DE2F3F8729029A9B00DFD47B /* SepiaPets.app */ = {isa = PBXFileReference; explicitFileType = wrapper.application; includeInIndex = 0; path = SepiaPets.app; sourceTree = BUILT_PRODUCTS_DIR; };
		DE2F3F8A29029A9B00DFD47B /* AppDelegate.swift */ = {isa = PBXFileReference; lastKnownFileType = sourcecode.swift; path = AppDelegate.swift; sourceTree = "<group>"; };
		DE2F3F8C29029A9B00DFD47B /* SceneDelegate.swift */ = {isa = PBXFileReference; lastKnownFileType = sourcecode.swift; path = SceneDelegate.swift; sourceTree = "<group>"; };
		DE2F3F8E29029A9B00DFD47B /* PetsListViewController.swift */ = {isa = PBXFileReference; lastKnownFileType = sourcecode.swift; path = PetsListViewController.swift; sourceTree = "<group>"; };
		DE2F3F9129029A9B00DFD47B /* Base */ = {isa = PBXFileReference; lastKnownFileType = file.storyboard; name = Base; path = Base.lproj/Main.storyboard; sourceTree = "<group>"; };
		DE2F3F9329029A9D00DFD47B /* Assets.xcassets */ = {isa = PBXFileReference; lastKnownFileType = folder.assetcatalog; path = Assets.xcassets; sourceTree = "<group>"; };
		DE2F3F9629029A9D00DFD47B /* Base */ = {isa = PBXFileReference; lastKnownFileType = file.storyboard; name = Base; path = Base.lproj/LaunchScreen.storyboard; sourceTree = "<group>"; };
		DE2F3F9829029A9D00DFD47B /* Info.plist */ = {isa = PBXFileReference; lastKnownFileType = text.plist.xml; path = Info.plist; sourceTree = "<group>"; };
		DE2F3F9D29029A9D00DFD47B /* SepiaPetsTests.xctest */ = {isa = PBXFileReference; explicitFileType = wrapper.cfbundle; includeInIndex = 0; path = SepiaPetsTests.xctest; sourceTree = BUILT_PRODUCTS_DIR; };
		DE2F3FA129029A9D00DFD47B /* SepiaPetsTests.swift */ = {isa = PBXFileReference; lastKnownFileType = sourcecode.swift; path = SepiaPetsTests.swift; sourceTree = "<group>"; };
		DE2F3FA729029A9D00DFD47B /* SepiaPetsUITests.xctest */ = {isa = PBXFileReference; explicitFileType = wrapper.cfbundle; includeInIndex = 0; path = SepiaPetsUITests.xctest; sourceTree = BUILT_PRODUCTS_DIR; };
		DE2F3FAB29029A9D00DFD47B /* SepiaPetsUITests.swift */ = {isa = PBXFileReference; lastKnownFileType = sourcecode.swift; path = SepiaPetsUITests.swift; sourceTree = "<group>"; };
		DE2F3FAD29029A9D00DFD47B /* SepiaPetsUITestsLaunchTests.swift */ = {isa = PBXFileReference; lastKnownFileType = sourcecode.swift; path = SepiaPetsUITestsLaunchTests.swift; sourceTree = "<group>"; };
		DEF878352907B7D200268E78 /* pets_list.json */ = {isa = PBXFileReference; fileEncoding = 4; lastKnownFileType = text.json; path = pets_list.json; sourceTree = "<group>"; };
		DEF878362907B7D200268E78 /* config.json */ = {isa = PBXFileReference; fileEncoding = 4; lastKnownFileType = text.json; path = config.json; sourceTree = "<group>"; };
		DEF8783B2907E90B00268E78 /* AppCoordinator.swift */ = {isa = PBXFileReference; lastKnownFileType = sourcecode.swift; path = AppCoordinator.swift; sourceTree = "<group>"; };
		DEF8783D2907E9A600268E78 /* Coordinator.swift */ = {isa = PBXFileReference; lastKnownFileType = sourcecode.swift; path = Coordinator.swift; sourceTree = "<group>"; };
		DEF878412907EBFF00268E78 /* PetsListCoordinator.swift */ = {isa = PBXFileReference; lastKnownFileType = sourcecode.swift; path = PetsListCoordinator.swift; sourceTree = "<group>"; };
		DEF878442907EF9B00268E78 /* Storyboarded.swift */ = {isa = PBXFileReference; lastKnownFileType = sourcecode.swift; path = Storyboarded.swift; sourceTree = "<group>"; };
		DEF878472907F00E00268E78 /* UIStoryboard+Extension.swift */ = {isa = PBXFileReference; lastKnownFileType = sourcecode.swift; path = "UIStoryboard+Extension.swift"; sourceTree = "<group>"; };
		DEF878492907F36500268E78 /* PetsListViewModel.swift */ = {isa = PBXFileReference; lastKnownFileType = sourcecode.swift; path = PetsListViewModel.swift; sourceTree = "<group>"; };
		DEF8784C2907F74F00268E78 /* PetsListDataProvider.swift */ = {isa = PBXFileReference; lastKnownFileType = sourcecode.swift; path = PetsListDataProvider.swift; sourceTree = "<group>"; };
		DEF878502907F7DC00268E78 /* LocalJsonPetsListProvider.swift */ = {isa = PBXFileReference; lastKnownFileType = sourcecode.swift; path = LocalJsonPetsListProvider.swift; sourceTree = "<group>"; };
		DEF878542907F8BF00268E78 /* PetsDataModels.swift */ = {isa = PBXFileReference; lastKnownFileType = sourcecode.swift; path = PetsDataModels.swift; sourceTree = "<group>"; };
		DEF8785A290813A200268E78 /* PetsListTableViewCell.swift */ = {isa = PBXFileReference; lastKnownFileType = sourcecode.swift; path = PetsListTableViewCell.swift; sourceTree = "<group>"; };
		DEF8785B290813A200268E78 /* PetsListTableViewCell.xib */ = {isa = PBXFileReference; lastKnownFileType = file.xib; path = PetsListTableViewCell.xib; sourceTree = "<group>"; };
		DEF8785E29081E1500268E78 /* ImageDownloader.swift */ = {isa = PBXFileReference; lastKnownFileType = sourcecode.swift; path = ImageDownloader.swift; sourceTree = "<group>"; };
		DEF878642908225B00268E78 /* PetsDetailsViewController.swift */ = {isa = PBXFileReference; lastKnownFileType = sourcecode.swift; path = PetsDetailsViewController.swift; sourceTree = "<group>"; };
		DEF878662908234600268E78 /* PetDetailsCoordinator.swift */ = {isa = PBXFileReference; lastKnownFileType = sourcecode.swift; path = PetDetailsCoordinator.swift; sourceTree = "<group>"; };
		DEF878682908425800268E78 /* PetDetailsViewModel.swift */ = {isa = PBXFileReference; lastKnownFileType = sourcecode.swift; path = PetDetailsViewModel.swift; sourceTree = "<group>"; };
		DEF8786A29084E2A00268E78 /* SettingModel.swift */ = {isa = PBXFileReference; lastKnownFileType = sourcecode.swift; path = SettingModel.swift; sourceTree = "<group>"; };
		DEF8786C29084EE700268E78 /* LocalJsonConfigProvider.swift */ = {isa = PBXFileReference; lastKnownFileType = sourcecode.swift; path = LocalJsonConfigProvider.swift; sourceTree = "<group>"; };
		DEF8786E2908528200268E78 /* Date+Extension.swift */ = {isa = PBXFileReference; lastKnownFileType = sourcecode.swift; path = "Date+Extension.swift"; sourceTree = "<group>"; };
		DEF878702908554800268E78 /* AppContentVisibilityConfigManager.swift */ = {isa = PBXFileReference; lastKnownFileType = sourcecode.swift; path = AppContentVisibilityConfigManager.swift; sourceTree = "<group>"; };
		DEF878752908677C00268E78 /* RestrictedErrorViewController.swift */ = {isa = PBXFileReference; lastKnownFileType = sourcecode.swift; path = RestrictedErrorViewController.swift; sourceTree = "<group>"; };
		DEF87877290868D100268E78 /* RestrictedErrorCoordinator.swift */ = {isa = PBXFileReference; lastKnownFileType = sourcecode.swift; path = RestrictedErrorCoordinator.swift; sourceTree = "<group>"; };
/* End PBXFileReference section */

/* Begin PBXFrameworksBuildPhase section */
		DE2F3F8429029A9B00DFD47B /* Frameworks */ = {
			isa = PBXFrameworksBuildPhase;
			buildActionMask = 2147483647;
			files = (
			);
			runOnlyForDeploymentPostprocessing = 0;
		};
		DE2F3F9A29029A9D00DFD47B /* Frameworks */ = {
			isa = PBXFrameworksBuildPhase;
			buildActionMask = 2147483647;
			files = (
			);
			runOnlyForDeploymentPostprocessing = 0;
		};
		DE2F3FA429029A9D00DFD47B /* Frameworks */ = {
			isa = PBXFrameworksBuildPhase;
			buildActionMask = 2147483647;
			files = (
			);
			runOnlyForDeploymentPostprocessing = 0;
		};
/* End PBXFrameworksBuildPhase section */

/* Begin PBXGroup section */
		DE2F3F7E29029A9B00DFD47B = {
			isa = PBXGroup;
			children = (
				DE2F3F8929029A9B00DFD47B /* SepiaPets */,
				DE2F3FA029029A9D00DFD47B /* SepiaPetsTests */,
				DE2F3FAA29029A9D00DFD47B /* SepiaPetsUITests */,
				DE2F3F8829029A9B00DFD47B /* Products */,
			);
			sourceTree = "<group>";
		};
		DE2F3F8829029A9B00DFD47B /* Products */ = {
			isa = PBXGroup;
			children = (
				DE2F3F8729029A9B00DFD47B /* SepiaPets.app */,
				DE2F3F9D29029A9D00DFD47B /* SepiaPetsTests.xctest */,
				DE2F3FA729029A9D00DFD47B /* SepiaPetsUITests.xctest */,
			);
			name = Products;
			sourceTree = "<group>";
		};
		DE2F3F8929029A9B00DFD47B /* SepiaPets */ = {
			isa = PBXGroup;
			children = (
				DEF8784B2907F72500268E78 /* DataProvider */,
				DEF878432907EF6900268E78 /* Utilities */,
				DEF878342907B7BA00268E78 /* Resources */,
				DEF878392907B7E600268E78 /* AppConfig */,
				DEF8783F2907EBD000268E78 /* Feature */,
				DE2F3F9029029A9B00DFD47B /* Main.storyboard */,
				DE2F3F9329029A9D00DFD47B /* Assets.xcassets */,
				DE2F3F9529029A9D00DFD47B /* LaunchScreen.storyboard */,
				DE2F3F9829029A9D00DFD47B /* Info.plist */,
			);
			path = SepiaPets;
			sourceTree = "<group>";
		};
		DE2F3FA029029A9D00DFD47B /* SepiaPetsTests */ = {
			isa = PBXGroup;
			children = (
				DE2F3FA129029A9D00DFD47B /* SepiaPetsTests.swift */,
			);
			path = SepiaPetsTests;
			sourceTree = "<group>";
		};
		DE2F3FAA29029A9D00DFD47B /* SepiaPetsUITests */ = {
			isa = PBXGroup;
			children = (
				DE2F3FAB29029A9D00DFD47B /* SepiaPetsUITests.swift */,
				DE2F3FAD29029A9D00DFD47B /* SepiaPetsUITestsLaunchTests.swift */,
			);
			path = SepiaPetsUITests;
			sourceTree = "<group>";
		};
		DEF878342907B7BA00268E78 /* Resources */ = {
			isa = PBXGroup;
			children = (
				DEF878362907B7D200268E78 /* config.json */,
				DEF878352907B7D200268E78 /* pets_list.json */,
			);
			path = Resources;
			sourceTree = "<group>";
		};
		DEF878392907B7E600268E78 /* AppConfig */ = {
			isa = PBXGroup;
			children = (
				DEF8783A2907E8EF00268E78 /* Coordinator */,
				DE2F3F8A29029A9B00DFD47B /* AppDelegate.swift */,
				DE2F3F8C29029A9B00DFD47B /* SceneDelegate.swift */,
				DEF878702908554800268E78 /* AppContentVisibilityConfigManager.swift */,
			);
			path = AppConfig;
			sourceTree = "<group>";
		};
		DEF8783A2907E8EF00268E78 /* Coordinator */ = {
			isa = PBXGroup;
			children = (
				DEF8783B2907E90B00268E78 /* AppCoordinator.swift */,
				DEF8783D2907E9A600268E78 /* Coordinator.swift */,
			);
			path = Coordinator;
			sourceTree = "<group>";
		};
		DEF8783F2907EBD000268E78 /* Feature */ = {
			isa = PBXGroup;
			children = (
				DEF878612908221F00268E78 /* PetsDetails */,
				DEF878402907EBDE00268E78 /* PetsList */,
				DEF878562908048300268E78 /* Models */,
				DEF87874290866C000268E78 /* ContentRestricted */,
			);
			path = Feature;
			sourceTree = "<group>";
		};
		DEF878402907EBDE00268E78 /* PetsList */ = {
			isa = PBXGroup;
			children = (
				DEF878592908138000268E78 /* Cells */,
				DE2F3F8E29029A9B00DFD47B /* PetsListViewController.swift */,
				DEF878492907F36500268E78 /* PetsListViewModel.swift */,
				DEF878412907EBFF00268E78 /* PetsListCoordinator.swift */,
			);
			path = PetsList;
			sourceTree = "<group>";
		};
		DEF878432907EF6900268E78 /* Utilities */ = {
			isa = PBXGroup;
			children = (
				DEF878462907EFEC00268E78 /* Extensions */,
				DEF878442907EF9B00268E78 /* Storyboarded.swift */,
				DEF8785E29081E1500268E78 /* ImageDownloader.swift */,
			);
			path = Utilities;
			sourceTree = "<group>";
		};
		DEF878462907EFEC00268E78 /* Extensions */ = {
			isa = PBXGroup;
			children = (
				DEF878472907F00E00268E78 /* UIStoryboard+Extension.swift */,
				DEF8786E2908528200268E78 /* Date+Extension.swift */,
			);
			path = Extensions;
			sourceTree = "<group>";
		};
		DEF8784B2907F72500268E78 /* DataProvider */ = {
			isa = PBXGroup;
			children = (
				DEF8784C2907F74F00268E78 /* PetsListDataProvider.swift */,
				DEF878502907F7DC00268E78 /* LocalJsonPetsListProvider.swift */,
				DEF8786C29084EE700268E78 /* LocalJsonConfigProvider.swift */,
			);
			path = DataProvider;
			sourceTree = "<group>";
		};
		DEF878562908048300268E78 /* Models */ = {
			isa = PBXGroup;
			children = (
				DEF878542907F8BF00268E78 /* PetsDataModels.swift */,
				DEF8786A29084E2A00268E78 /* SettingModel.swift */,
			);
			path = Models;
			sourceTree = "<group>";
		};
		DEF878592908138000268E78 /* Cells */ = {
			isa = PBXGroup;
			children = (
				DEF8785A290813A200268E78 /* PetsListTableViewCell.swift */,
				DEF8785B290813A200268E78 /* PetsListTableViewCell.xib */,
			);
			path = Cells;
			sourceTree = "<group>";
		};
		DEF878612908221F00268E78 /* PetsDetails */ = {
			isa = PBXGroup;
			children = (
				DEF878642908225B00268E78 /* PetsDetailsViewController.swift */,
				DEF878662908234600268E78 /* PetDetailsCoordinator.swift */,
				DEF878682908425800268E78 /* PetDetailsViewModel.swift */,
			);
			path = PetsDetails;
			sourceTree = "<group>";
		};
		DEF87874290866C000268E78 /* ContentRestricted */ = {
			isa = PBXGroup;
			children = (
				DEF878752908677C00268E78 /* RestrictedErrorViewController.swift */,
				DEF87877290868D100268E78 /* RestrictedErrorCoordinator.swift */,
			);
			path = ContentRestricted;
			sourceTree = "<group>";
		};
/* End PBXGroup section */

/* Begin PBXNativeTarget section */
		DE2F3F8629029A9B00DFD47B /* SepiaPets */ = {
			isa = PBXNativeTarget;
			buildConfigurationList = DE2F3FB129029A9D00DFD47B /* Build configuration list for PBXNativeTarget "SepiaPets" */;
			buildPhases = (
				DE2F3F8329029A9B00DFD47B /* Sources */,
				DE2F3F8429029A9B00DFD47B /* Frameworks */,
				DE2F3F8529029A9B00DFD47B /* Resources */,
			);
			buildRules = (
			);
			dependencies = (
			);
			name = SepiaPets;
			productName = SepiaPets;
			productReference = DE2F3F8729029A9B00DFD47B /* SepiaPets.app */;
			productType = "com.apple.product-type.application";
		};
		DE2F3F9C29029A9D00DFD47B /* SepiaPetsTests */ = {
			isa = PBXNativeTarget;
			buildConfigurationList = DE2F3FB429029A9D00DFD47B /* Build configuration list for PBXNativeTarget "SepiaPetsTests" */;
			buildPhases = (
				DE2F3F9929029A9D00DFD47B /* Sources */,
				DE2F3F9A29029A9D00DFD47B /* Frameworks */,
				DE2F3F9B29029A9D00DFD47B /* Resources */,
			);
			buildRules = (
			);
			dependencies = (
				DE2F3F9F29029A9D00DFD47B /* PBXTargetDependency */,
			);
			name = SepiaPetsTests;
			productName = SepiaPetsTests;
			productReference = DE2F3F9D29029A9D00DFD47B /* SepiaPetsTests.xctest */;
			productType = "com.apple.product-type.bundle.unit-test";
		};
		DE2F3FA629029A9D00DFD47B /* SepiaPetsUITests */ = {
			isa = PBXNativeTarget;
			buildConfigurationList = DE2F3FB729029A9D00DFD47B /* Build configuration list for PBXNativeTarget "SepiaPetsUITests" */;
			buildPhases = (
				DE2F3FA329029A9D00DFD47B /* Sources */,
				DE2F3FA429029A9D00DFD47B /* Frameworks */,
				DE2F3FA529029A9D00DFD47B /* Resources */,
			);
			buildRules = (
			);
			dependencies = (
				DE2F3FA929029A9D00DFD47B /* PBXTargetDependency */,
			);
			name = SepiaPetsUITests;
			productName = SepiaPetsUITests;
			productReference = DE2F3FA729029A9D00DFD47B /* SepiaPetsUITests.xctest */;
			productType = "com.apple.product-type.bundle.ui-testing";
		};
/* End PBXNativeTarget section */

/* Begin PBXProject section */
		DE2F3F7F29029A9B00DFD47B /* Project object */ = {
			isa = PBXProject;
			attributes = {
				BuildIndependentTargetsInParallel = 1;
				LastSwiftUpdateCheck = 1340;
				LastUpgradeCheck = 1340;
				TargetAttributes = {
					DE2F3F8629029A9B00DFD47B = {
						CreatedOnToolsVersion = 13.4.1;
					};
					DE2F3F9C29029A9D00DFD47B = {
						CreatedOnToolsVersion = 13.4.1;
						TestTargetID = DE2F3F8629029A9B00DFD47B;
					};
					DE2F3FA629029A9D00DFD47B = {
						CreatedOnToolsVersion = 13.4.1;
						TestTargetID = DE2F3F8629029A9B00DFD47B;
					};
				};
			};
			buildConfigurationList = DE2F3F8229029A9B00DFD47B /* Build configuration list for PBXProject "SepiaPets" */;
			compatibilityVersion = "Xcode 13.0";
			developmentRegion = en;
			hasScannedForEncodings = 0;
			knownRegions = (
				en,
				Base,
			);
			mainGroup = DE2F3F7E29029A9B00DFD47B;
			productRefGroup = DE2F3F8829029A9B00DFD47B /* Products */;
			projectDirPath = "";
			projectRoot = "";
			targets = (
				DE2F3F8629029A9B00DFD47B /* SepiaPets */,
				DE2F3F9C29029A9D00DFD47B /* SepiaPetsTests */,
				DE2F3FA629029A9D00DFD47B /* SepiaPetsUITests */,
			);
		};
/* End PBXProject section */

/* Begin PBXResourcesBuildPhase section */
		DE2F3F8529029A9B00DFD47B /* Resources */ = {
			isa = PBXResourcesBuildPhase;
			buildActionMask = 2147483647;
			files = (
				DE2F3F9729029A9D00DFD47B /* LaunchScreen.storyboard in Resources */,
				DEF8785D290813A200268E78 /* PetsListTableViewCell.xib in Resources */,
				DEF878372907B7D200268E78 /* pets_list.json in Resources */,
				DEF878382907B7D200268E78 /* config.json in Resources */,
				DE2F3F9429029A9D00DFD47B /* Assets.xcassets in Resources */,
				DE2F3F9229029A9B00DFD47B /* Main.storyboard in Resources */,
			);
			runOnlyForDeploymentPostprocessing = 0;
		};
		DE2F3F9B29029A9D00DFD47B /* Resources */ = {
			isa = PBXResourcesBuildPhase;
			buildActionMask = 2147483647;
			files = (
			);
			runOnlyForDeploymentPostprocessing = 0;
		};
		DE2F3FA529029A9D00DFD47B /* Resources */ = {
			isa = PBXResourcesBuildPhase;
			buildActionMask = 2147483647;
			files = (
			);
			runOnlyForDeploymentPostprocessing = 0;
		};
/* End PBXResourcesBuildPhase section */

/* Begin PBXSourcesBuildPhase section */
		DE2F3F8329029A9B00DFD47B /* Sources */ = {
			isa = PBXSourcesBuildPhase;
			buildActionMask = 2147483647;
			files = (
				DEF8784D2907F74F00268E78 /* PetsListDataProvider.swift in Sources */,
				DEF87878290868D100268E78 /* RestrictedErrorCoordinator.swift in Sources */,
				DEF8786B29084E2A00268E78 /* SettingModel.swift in Sources */,
				DEF8786D29084EE700268E78 /* LocalJsonConfigProvider.swift in Sources */,
				DEF8785F29081E1500268E78 /* ImageDownloader.swift in Sources */,
				DEF878422907EBFF00268E78 /* PetsListCoordinator.swift in Sources */,
				DEF8786F2908528200268E78 /* Date+Extension.swift in Sources */,
				DEF878762908677C00268E78 /* RestrictedErrorViewController.swift in Sources */,
				DEF8783C2907E90B00268E78 /* AppCoordinator.swift in Sources */,
				DE2F3F8F29029A9B00DFD47B /* PetsListViewController.swift in Sources */,
				DEF8785C290813A200268E78 /* PetsListTableViewCell.swift in Sources */,
				DEF8783E2907E9A600268E78 /* Coordinator.swift in Sources */,
				DE2F3F8B29029A9B00DFD47B /* AppDelegate.swift in Sources */,
				DE2F3F8D29029A9B00DFD47B /* SceneDelegate.swift in Sources */,
				DEF878552907F8BF00268E78 /* PetsDataModels.swift in Sources */,
				DEF878712908554800268E78 /* AppContentVisibilityConfigManager.swift in Sources */,
				DEF878652908225B00268E78 /* PetsDetailsViewController.swift in Sources */,
				DEF8784A2907F36500268E78 /* PetsListViewModel.swift in Sources */,
				DEF878692908425800268E78 /* PetDetailsViewModel.swift in Sources */,
				DEF878672908234600268E78 /* PetDetailsCoordinator.swift in Sources */,
				DEF878512907F7DC00268E78 /* LocalJsonPetsListProvider.swift in Sources */,
				DEF878482907F00E00268E78 /* UIStoryboard+Extension.swift in Sources */,
				DEF878452907EF9B00268E78 /* Storyboarded.swift in Sources */,
			);
			runOnlyForDeploymentPostprocessing = 0;
		};
		DE2F3F9929029A9D00DFD47B /* Sources */ = {
			isa = PBXSourcesBuildPhase;
			buildActionMask = 2147483647;
			files = (
				DE2F3FA229029A9D00DFD47B /* SepiaPetsTests.swift in Sources */,
			);
			runOnlyForDeploymentPostprocessing = 0;
		};
		DE2F3FA329029A9D00DFD47B /* Sources */ = {
			isa = PBXSourcesBuildPhase;
			buildActionMask = 2147483647;
			files = (
				DE2F3FAC29029A9D00DFD47B /* SepiaPetsUITests.swift in Sources */,
				DE2F3FAE29029A9D00DFD47B /* SepiaPetsUITestsLaunchTests.swift in Sources */,
			);
			runOnlyForDeploymentPostprocessing = 0;
		};
/* End PBXSourcesBuildPhase section */

/* Begin PBXTargetDependency section */
		DE2F3F9F29029A9D00DFD47B /* PBXTargetDependency */ = {
			isa = PBXTargetDependency;
			target = DE2F3F8629029A9B00DFD47B /* SepiaPets */;
			targetProxy = DE2F3F9E29029A9D00DFD47B /* PBXContainerItemProxy */;
		};
		DE2F3FA929029A9D00DFD47B /* PBXTargetDependency */ = {
			isa = PBXTargetDependency;
			target = DE2F3F8629029A9B00DFD47B /* SepiaPets */;
			targetProxy = DE2F3FA829029A9D00DFD47B /* PBXContainerItemProxy */;
		};
/* End PBXTargetDependency section */

/* Begin PBXVariantGroup section */
		DE2F3F9029029A9B00DFD47B /* Main.storyboard */ = {
			isa = PBXVariantGroup;
			children = (
				DE2F3F9129029A9B00DFD47B /* Base */,
			);
			name = Main.storyboard;
			sourceTree = "<group>";
		};
		DE2F3F9529029A9D00DFD47B /* LaunchScreen.storyboard */ = {
			isa = PBXVariantGroup;
			children = (
				DE2F3F9629029A9D00DFD47B /* Base */,
			);
			name = LaunchScreen.storyboard;
			sourceTree = "<group>";
		};
/* End PBXVariantGroup section */

/* Begin XCBuildConfiguration section */
		DE2F3FAF29029A9D00DFD47B /* Debug */ = {
			isa = XCBuildConfiguration;
			buildSettings = {
				ALWAYS_SEARCH_USER_PATHS = NO;
				CLANG_ANALYZER_NONNULL = YES;
				CLANG_ANALYZER_NUMBER_OBJECT_CONVERSION = YES_AGGRESSIVE;
				CLANG_CXX_LANGUAGE_STANDARD = "gnu++17";
				CLANG_ENABLE_MODULES = YES;
				CLANG_ENABLE_OBJC_ARC = YES;
				CLANG_ENABLE_OBJC_WEAK = YES;
				CLANG_WARN_BLOCK_CAPTURE_AUTORELEASING = YES;
				CLANG_WARN_BOOL_CONVERSION = YES;
				CLANG_WARN_COMMA = YES;
				CLANG_WARN_CONSTANT_CONVERSION = YES;
				CLANG_WARN_DEPRECATED_OBJC_IMPLEMENTATIONS = YES;
				CLANG_WARN_DIRECT_OBJC_ISA_USAGE = YES_ERROR;
				CLANG_WARN_DOCUMENTATION_COMMENTS = YES;
				CLANG_WARN_EMPTY_BODY = YES;
				CLANG_WARN_ENUM_CONVERSION = YES;
				CLANG_WARN_INFINITE_RECURSION = YES;
				CLANG_WARN_INT_CONVERSION = YES;
				CLANG_WARN_NON_LITERAL_NULL_CONVERSION = YES;
				CLANG_WARN_OBJC_IMPLICIT_RETAIN_SELF = YES;
				CLANG_WARN_OBJC_LITERAL_CONVERSION = YES;
				CLANG_WARN_OBJC_ROOT_CLASS = YES_ERROR;
				CLANG_WARN_QUOTED_INCLUDE_IN_FRAMEWORK_HEADER = YES;
				CLANG_WARN_RANGE_LOOP_ANALYSIS = YES;
				CLANG_WARN_STRICT_PROTOTYPES = YES;
				CLANG_WARN_SUSPICIOUS_MOVE = YES;
				CLANG_WARN_UNGUARDED_AVAILABILITY = YES_AGGRESSIVE;
				CLANG_WARN_UNREACHABLE_CODE = YES;
				CLANG_WARN__DUPLICATE_METHOD_MATCH = YES;
				COPY_PHASE_STRIP = NO;
				DEBUG_INFORMATION_FORMAT = dwarf;
				ENABLE_STRICT_OBJC_MSGSEND = YES;
				ENABLE_TESTABILITY = YES;
				GCC_C_LANGUAGE_STANDARD = gnu11;
				GCC_DYNAMIC_NO_PIC = NO;
				GCC_NO_COMMON_BLOCKS = YES;
				GCC_OPTIMIZATION_LEVEL = 0;
				GCC_PREPROCESSOR_DEFINITIONS = (
					"DEBUG=1",
					"$(inherited)",
				);
				GCC_WARN_64_TO_32_BIT_CONVERSION = YES;
				GCC_WARN_ABOUT_RETURN_TYPE = YES_ERROR;
				GCC_WARN_UNDECLARED_SELECTOR = YES;
				GCC_WARN_UNINITIALIZED_AUTOS = YES_AGGRESSIVE;
				GCC_WARN_UNUSED_FUNCTION = YES;
				GCC_WARN_UNUSED_VARIABLE = YES;
				IPHONEOS_DEPLOYMENT_TARGET = 15.5;
				MTL_ENABLE_DEBUG_INFO = INCLUDE_SOURCE;
				MTL_FAST_MATH = YES;
				ONLY_ACTIVE_ARCH = YES;
				SDKROOT = iphoneos;
				SWIFT_ACTIVE_COMPILATION_CONDITIONS = DEBUG;
				SWIFT_OPTIMIZATION_LEVEL = "-Onone";
			};
			name = Debug;
		};
		DE2F3FB029029A9D00DFD47B /* Release */ = {
			isa = XCBuildConfiguration;
			buildSettings = {
				ALWAYS_SEARCH_USER_PATHS = NO;
				CLANG_ANALYZER_NONNULL = YES;
				CLANG_ANALYZER_NUMBER_OBJECT_CONVERSION = YES_AGGRESSIVE;
				CLANG_CXX_LANGUAGE_STANDARD = "gnu++17";
				CLANG_ENABLE_MODULES = YES;
				CLANG_ENABLE_OBJC_ARC = YES;
				CLANG_ENABLE_OBJC_WEAK = YES;
				CLANG_WARN_BLOCK_CAPTURE_AUTORELEASING = YES;
				CLANG_WARN_BOOL_CONVERSION = YES;
				CLANG_WARN_COMMA = YES;
				CLANG_WARN_CONSTANT_CONVERSION = YES;
				CLANG_WARN_DEPRECATED_OBJC_IMPLEMENTATIONS = YES;
				CLANG_WARN_DIRECT_OBJC_ISA_USAGE = YES_ERROR;
				CLANG_WARN_DOCUMENTATION_COMMENTS = YES;
				CLANG_WARN_EMPTY_BODY = YES;
				CLANG_WARN_ENUM_CONVERSION = YES;
				CLANG_WARN_INFINITE_RECURSION = YES;
				CLANG_WARN_INT_CONVERSION = YES;
				CLANG_WARN_NON_LITERAL_NULL_CONVERSION = YES;
				CLANG_WARN_OBJC_IMPLICIT_RETAIN_SELF = YES;
				CLANG_WARN_OBJC_LITERAL_CONVERSION = YES;
				CLANG_WARN_OBJC_ROOT_CLASS = YES_ERROR;
				CLANG_WARN_QUOTED_INCLUDE_IN_FRAMEWORK_HEADER = YES;
				CLANG_WARN_RANGE_LOOP_ANALYSIS = YES;
				CLANG_WARN_STRICT_PROTOTYPES = YES;
				CLANG_WARN_SUSPICIOUS_MOVE = YES;
				CLANG_WARN_UNGUARDED_AVAILABILITY = YES_AGGRESSIVE;
				CLANG_WARN_UNREACHABLE_CODE = YES;
				CLANG_WARN__DUPLICATE_METHOD_MATCH = YES;
				COPY_PHASE_STRIP = NO;
				DEBUG_INFORMATION_FORMAT = "dwarf-with-dsym";
				ENABLE_NS_ASSERTIONS = NO;
				ENABLE_STRICT_OBJC_MSGSEND = YES;
				GCC_C_LANGUAGE_STANDARD = gnu11;
				GCC_NO_COMMON_BLOCKS = YES;
				GCC_WARN_64_TO_32_BIT_CONVERSION = YES;
				GCC_WARN_ABOUT_RETURN_TYPE = YES_ERROR;
				GCC_WARN_UNDECLARED_SELECTOR = YES;
				GCC_WARN_UNINITIALIZED_AUTOS = YES_AGGRESSIVE;
				GCC_WARN_UNUSED_FUNCTION = YES;
				GCC_WARN_UNUSED_VARIABLE = YES;
				IPHONEOS_DEPLOYMENT_TARGET = 15.5;
				MTL_ENABLE_DEBUG_INFO = NO;
				MTL_FAST_MATH = YES;
				SDKROOT = iphoneos;
				SWIFT_COMPILATION_MODE = wholemodule;
				SWIFT_OPTIMIZATION_LEVEL = "-O";
				VALIDATE_PRODUCT = YES;
			};
			name = Release;
		};
		DE2F3FB229029A9D00DFD47B /* Debug */ = {
			isa = XCBuildConfiguration;
			buildSettings = {
				ASSETCATALOG_COMPILER_APPICON_NAME = AppIcon;
				ASSETCATALOG_COMPILER_GLOBAL_ACCENT_COLOR_NAME = AccentColor;
				CODE_SIGN_STYLE = Automatic;
				CURRENT_PROJECT_VERSION = 1;
				DEVELOPMENT_TEAM = 6JUDYZ7A99;
				GENERATE_INFOPLIST_FILE = YES;
				INFOPLIST_FILE = SepiaPets/Info.plist;
				INFOPLIST_KEY_UIApplicationSupportsIndirectInputEvents = YES;
				INFOPLIST_KEY_UILaunchStoryboardName = LaunchScreen;
				INFOPLIST_KEY_UIMainStoryboardFile = Main;
				INFOPLIST_KEY_UISupportedInterfaceOrientations_iPad = "UIInterfaceOrientationPortrait UIInterfaceOrientationPortraitUpsideDown UIInterfaceOrientationLandscapeLeft UIInterfaceOrientationLandscapeRight";
				INFOPLIST_KEY_UISupportedInterfaceOrientations_iPhone = "UIInterfaceOrientationPortrait UIInterfaceOrientationLandscapeLeft UIInterfaceOrientationLandscapeRight";
				LD_RUNPATH_SEARCH_PATHS = (
					"$(inherited)",
					"@executable_path/Frameworks",
				);
				MARKETING_VERSION = 1.0;
				PRODUCT_BUNDLE_IDENTIFIER = demo.test.SepiaPets;
				PRODUCT_NAME = "$(TARGET_NAME)";
				SWIFT_EMIT_LOC_STRINGS = YES;
				SWIFT_VERSION = 5.0;
				TARGETED_DEVICE_FAMILY = "1,2";
			};
			name = Debug;
		};
		DE2F3FB329029A9D00DFD47B /* Release */ = {
			isa = XCBuildConfiguration;
			buildSettings = {
				ASSETCATALOG_COMPILER_APPICON_NAME = AppIcon;
				ASSETCATALOG_COMPILER_GLOBAL_ACCENT_COLOR_NAME = AccentColor;
				CODE_SIGN_STYLE = Automatic;
				CURRENT_PROJECT_VERSION = 1;
				DEVELOPMENT_TEAM = 6JUDYZ7A99;
				GENERATE_INFOPLIST_FILE = YES;
				INFOPLIST_FILE = SepiaPets/Info.plist;
				INFOPLIST_KEY_UIApplicationSupportsIndirectInputEvents = YES;
				INFOPLIST_KEY_UILaunchStoryboardName = LaunchScreen;
				INFOPLIST_KEY_UIMainStoryboardFile = Main;
				INFOPLIST_KEY_UISupportedInterfaceOrientations_iPad = "UIInterfaceOrientationPortrait UIInterfaceOrientationPortraitUpsideDown UIInterfaceOrientationLandscapeLeft UIInterfaceOrientationLandscapeRight";
				INFOPLIST_KEY_UISupportedInterfaceOrientations_iPhone = "UIInterfaceOrientationPortrait UIInterfaceOrientationLandscapeLeft UIInterfaceOrientationLandscapeRight";
				LD_RUNPATH_SEARCH_PATHS = (
					"$(inherited)",
					"@executable_path/Frameworks",
				);
				MARKETING_VERSION = 1.0;
				PRODUCT_BUNDLE_IDENTIFIER = demo.test.SepiaPets;
				PRODUCT_NAME = "$(TARGET_NAME)";
				SWIFT_EMIT_LOC_STRINGS = YES;
				SWIFT_VERSION = 5.0;
				TARGETED_DEVICE_FAMILY = "1,2";
			};
			name = Release;
		};
		DE2F3FB529029A9D00DFD47B /* Debug */ = {
			isa = XCBuildConfiguration;
			buildSettings = {
				ALWAYS_EMBED_SWIFT_STANDARD_LIBRARIES = YES;
				BUNDLE_LOADER = "$(TEST_HOST)";
				CODE_SIGN_STYLE = Automatic;
				CURRENT_PROJECT_VERSION = 1;
				DEVELOPMENT_TEAM = 6JUDYZ7A99;
				GENERATE_INFOPLIST_FILE = YES;
				IPHONEOS_DEPLOYMENT_TARGET = 15.5;
				MARKETING_VERSION = 1.0;
				PRODUCT_BUNDLE_IDENTIFIER = demo.test.SepiaPetsTests;
				PRODUCT_NAME = "$(TARGET_NAME)";
				SWIFT_EMIT_LOC_STRINGS = NO;
				SWIFT_VERSION = 5.0;
				TARGETED_DEVICE_FAMILY = "1,2";
				TEST_HOST = "$(BUILT_PRODUCTS_DIR)/SepiaPets.app/SepiaPets";
			};
			name = Debug;
		};
		DE2F3FB629029A9D00DFD47B /* Release */ = {
			isa = XCBuildConfiguration;
			buildSettings = {
				ALWAYS_EMBED_SWIFT_STANDARD_LIBRARIES = YES;
				BUNDLE_LOADER = "$(TEST_HOST)";
				CODE_SIGN_STYLE = Automatic;
				CURRENT_PROJECT_VERSION = 1;
				DEVELOPMENT_TEAM = 6JUDYZ7A99;
				GENERATE_INFOPLIST_FILE = YES;
				IPHONEOS_DEPLOYMENT_TARGET = 15.5;
				MARKETING_VERSION = 1.0;
				PRODUCT_BUNDLE_IDENTIFIER = demo.test.SepiaPetsTests;
				PRODUCT_NAME = "$(TARGET_NAME)";
				SWIFT_EMIT_LOC_STRINGS = NO;
				SWIFT_VERSION = 5.0;
				TARGETED_DEVICE_FAMILY = "1,2";
				TEST_HOST = "$(BUILT_PRODUCTS_DIR)/SepiaPets.app/SepiaPets";
			};
			name = Release;
		};
		DE2F3FB829029A9D00DFD47B /* Debug */ = {
			isa = XCBuildConfiguration;
			buildSettings = {
				ALWAYS_EMBED_SWIFT_STANDARD_LIBRARIES = YES;
				CODE_SIGN_STYLE = Automatic;
				CURRENT_PROJECT_VERSION = 1;
				DEVELOPMENT_TEAM = 6JUDYZ7A99;
				GENERATE_INFOPLIST_FILE = YES;
				MARKETING_VERSION = 1.0;
				PRODUCT_BUNDLE_IDENTIFIER = demo.test.SepiaPetsUITests;
				PRODUCT_NAME = "$(TARGET_NAME)";
				SWIFT_EMIT_LOC_STRINGS = NO;
				SWIFT_VERSION = 5.0;
				TARGETED_DEVICE_FAMILY = "1,2";
				TEST_TARGET_NAME = SepiaPets;
			};
			name = Debug;
		};
		DE2F3FB929029A9D00DFD47B /* Release */ = {
			isa = XCBuildConfiguration;
			buildSettings = {
				ALWAYS_EMBED_SWIFT_STANDARD_LIBRARIES = YES;
				CODE_SIGN_STYLE = Automatic;
				CURRENT_PROJECT_VERSION = 1;
				DEVELOPMENT_TEAM = 6JUDYZ7A99;
				GENERATE_INFOPLIST_FILE = YES;
				MARKETING_VERSION = 1.0;
				PRODUCT_BUNDLE_IDENTIFIER = demo.test.SepiaPetsUITests;
				PRODUCT_NAME = "$(TARGET_NAME)";
				SWIFT_EMIT_LOC_STRINGS = NO;
				SWIFT_VERSION = 5.0;
				TARGETED_DEVICE_FAMILY = "1,2";
				TEST_TARGET_NAME = SepiaPets;
			};
			name = Release;
		};
/* End XCBuildConfiguration section */

/* Begin XCConfigurationList section */
		DE2F3F8229029A9B00DFD47B /* Build configuration list for PBXProject "SepiaPets" */ = {
			isa = XCConfigurationList;
			buildConfigurations = (
				DE2F3FAF29029A9D00DFD47B /* Debug */,
				DE2F3FB029029A9D00DFD47B /* Release */,
			);
			defaultConfigurationIsVisible = 0;
			defaultConfigurationName = Release;
		};
		DE2F3FB129029A9D00DFD47B /* Build configuration list for PBXNativeTarget "SepiaPets" */ = {
			isa = XCConfigurationList;
			buildConfigurations = (
				DE2F3FB229029A9D00DFD47B /* Debug */,
				DE2F3FB329029A9D00DFD47B /* Release */,
			);
			defaultConfigurationIsVisible = 0;
			defaultConfigurationName = Release;
		};
		DE2F3FB429029A9D00DFD47B /* Build configuration list for PBXNativeTarget "SepiaPetsTests" */ = {
			isa = XCConfigurationList;
			buildConfigurations = (
				DE2F3FB529029A9D00DFD47B /* Debug */,
				DE2F3FB629029A9D00DFD47B /* Release */,
			);
			defaultConfigurationIsVisible = 0;
			defaultConfigurationName = Release;
		};
		DE2F3FB729029A9D00DFD47B /* Build configuration list for PBXNativeTarget "SepiaPetsUITests" */ = {
			isa = XCConfigurationList;
			buildConfigurations = (
				DE2F3FB829029A9D00DFD47B /* Debug */,
				DE2F3FB929029A9D00DFD47B /* Release */,
			);
			defaultConfigurationIsVisible = 0;
			defaultConfigurationName = Release;
		};
/* End XCConfigurationList section */
	};
	rootObject = DE2F3F7F29029A9B00DFD47B /* Project object */;
}
